
Microsoft Visual Studio Solution File, Format Version 12.00
# Visual Studio 15
VisualStudioVersion = 15.0.28010.2036
MinimumVisualStudioVersion = 10.0.40219.1
Project("{FAE04EC0-301F-11D3-BF4B-00C04F79EFBC}") = "ComputerVision", "ComputerVision\ComputerVision.csproj", "{6B822F98-2BD1-43BC-986B-215217A56762}"
EndProject
Global
	GlobalSection(SolutionConfigurationPlatforms) = preSolution
		Debug|ARM = Debug|ARM
		Debug|x64 = Debug|x64
		Debug|x86 = Debug|x86
		Release|ARM = Release|ARM
		Release|x64 = Release|x64
		Release|x86 = Release|x86
	EndGlobalSection
	GlobalSection(ProjectConfigurationPlatforms) = postSolution
		{6B822F98-2BD1-43BC-986B-215217A56762}.Debug|ARM.ActiveCfg = Debug|ARM
		{6B822F98-2BD1-43BC-986B-215217A56762}.Debug|ARM.Build.0 = Debug|ARM
		{6B822F98-2BD1-43BC-986B-215217A56762}.Debug|ARM.Deploy.0 = Debug|ARM
		{6B822F98-2BD1-43BC-986B-215217A56762}.Debug|x64.ActiveCfg = Debug|x64
		{6B822F98-2BD1-43BC-986B-215217A56762}.Debug|x64.Build.0 = Debug|x64
		{6B822F98-2BD1-43BC-986B-215217A56762}.Debug|x64.Deploy.0 = Debug|x64
		{6B822F98-2BD1-43BC-986B-215217A56762}.Debug|x86.ActiveCfg = Debug|x86
		{6B822F98-2BD1-43BC-986B-215217A56762}.Debug|x86.Build.0 = Debug|x86
		{6B822F98-2BD1-43BC-986B-215217A56762}.Debug|x86.Deploy.0 = Debug|x86
		{6B822F98-2BD1-43BC-986B-215217A56762}.Release|ARM.ActiveCfg = Release|ARM
		{6B822F98-2BD1-43BC-986B-215217A56762}.Release|ARM.Build.0 = Release|ARM
		{6B822F98-2BD1-43BC-986B-215217A56762}.Release|ARM.Deploy.0 = Release|ARM
		{6B822F98-2BD1-43BC-986B-215217A56762}.Release|x64.ActiveCfg = Release|x64
		{6B822F98-2BD1-43BC-986B-215217A56762}.Release|x64.Build.0 = Release|x64
		{6B822F98-2BD1-43BC-986B-215217A56762}.Release|x64.Deploy.0 = Release|x64
		{6B822F98-2BD1-43BC-986B-215217A56762}.Release|x86.ActiveCfg = Release|x86
		{6B822F98-2BD1-43BC-986B-215217A56762}.Release|x86.Build.0 = Release|x86
		{6B822F98-2BD1-43BC-986B-215217A56762}.Release|x86.Deploy.0 = Release|x86
	EndGlobalSection
	GlobalSection(SolutionProperties) = preSolution
		HideSolutionNode = FALSE
	EndGlobalSection
	GlobalSection(ExtensibilityGlobals) = postSolution
		SolutionGuid = {D9B1640D-1D2F-48E7-864C-6DF59E399870}
	EndGlobalSection
EndGlobal
